
Microsoft Visual Studio Solution File, Format Version 12.00
# Visual Studio Version 16
VisualStudioVersion = 16.0.30503.244
MinimumVisualStudioVersion = 10.0.40219.1
Project("{9A19103F-16F7-4668-BE54-9A1E7A4F7556}") = "Ninject.Web.WebApiCore", "Ninject.Web.WebApiCore\Ninject.Web.WebApiCore.csproj", "{C54EEE23-AAF5-459D-A235-E5507811CBD7}"
EndProject
Project("{9A19103F-16F7-4668-BE54-9A1E7A4F7556}") = "Ninject.Web.WebApiCore.HttpSys", "Ninject.Web.WebApiCore.Httpsys\Ninject.Web.WebApiCore.HttpSys.csproj", "{2E8666BD-C364-43D7-92E4-623021E63085}"
EndProject
Global
	GlobalSection(SolutionConfigurationPlatforms) = preSolution
		Debug|Any CPU = Debug|Any CPU
		Release|Any CPU = Release|Any CPU
	EndGlobalSection
	GlobalSection(ProjectConfigurationPlatforms) = postSolution
		{C54EEE23-AAF5-459D-A235-E5507811CBD7}.Debug|Any CPU.ActiveCfg = Debug|Any CPU
		{C54EEE23-AAF5-459D-A235-E5507811CBD7}.Debug|Any CPU.Build.0 = Debug|Any CPU
		{C54EEE23-AAF5-459D-A235-E5507811CBD7}.Release|Any CPU.ActiveCfg = Release|Any CPU
		{C54EEE23-AAF5-459D-A235-E5507811CBD7}.Release|Any CPU.Build.0 = Release|Any CPU
		{2E8666BD-C364-43D7-92E4-623021E63085}.Debug|Any CPU.ActiveCfg = Debug|Any CPU
		{2E8666BD-C364-43D7-92E4-623021E63085}.Debug|Any CPU.Build.0 = Debug|Any CPU
		{2E8666BD-C364-43D7-92E4-623021E63085}.Release|Any CPU.ActiveCfg = Release|Any CPU
		{2E8666BD-C364-43D7-92E4-623021E63085}.Release|Any CPU.Build.0 = Release|Any CPU
	EndGlobalSection
	GlobalSection(SolutionProperties) = preSolution
		HideSolutionNode = FALSE
	EndGlobalSection
	GlobalSection(ExtensibilityGlobals) = postSolution
		SolutionGuid = {941ED31F-9580-4CA2-BB00-089C5871B095}
	EndGlobalSection
EndGlobal
