
Microsoft Visual Studio Solution File, Format Version 12.00
# Visual Studio Version 16
VisualStudioVersion = 16.0.30503.244
MinimumVisualStudioVersion = 10.0.40219.1
Project("{9A19103F-16F7-4668-BE54-9A1E7A4F7556}") = "Ninject.Web.AspNetCore", "Ninject.Web.AspNetCore\Ninject.Web.AspNetCore.csproj", "{C54EEE23-AAF5-459D-A235-E5507811CBD7}"
EndProject
Project("{9A19103F-16F7-4668-BE54-9A1E7A4F7556}") = "Ninject.Web.AspNetCore.HttpSys", "Ninject.Web.AspNetCore.Httpsys\Ninject.Web.AspNetCore.HttpSys.csproj", "{2E8666BD-C364-43D7-92E4-623021E63085}"
EndProject
Project("{9A19103F-16F7-4668-BE54-9A1E7A4F7556}") = "Ninject.Web.AspNetCore.IIS", "Ninject.Web.AspNetCore.IIS\Ninject.Web.AspNetCore.IIS.csproj", "{5D9455D9-FE35-4E0B-B621-3A6D810ECF6A}"
EndProject
Project("{9A19103F-16F7-4668-BE54-9A1E7A4F7556}") = "SampleApplication", "SampleApplication\SampleApplication.csproj", "{BE382F5B-43A9-4F5E-BCD0-AE885E122657}"
EndProject
Project("{9A19103F-16F7-4668-BE54-9A1E7A4F7556}") = "Ninject.Web.AspNetCore.Test", "Ninject.Web.AspNetCore.Test\Ninject.Web.AspNetCore.Test.csproj", "{7DB7F499-E11E-4B45-BDFD-1883BC8C224D}"
EndProject
Project("{2150E333-8FDC-42A3-9474-1A3956D46DE8}") = "Solution Files", "Solution Files", "{63A11E71-677A-4052-9944-32A9156B0505}"
	ProjectSection(SolutionItems) = preProject
		..\.editorconfig = ..\.editorconfig
		..\.gitignore = ..\.gitignore
		..\.travis.yml = ..\.travis.yml
		..\CHANGELOG = ..\CHANGELOG
		..\LICENSE = ..\LICENSE
		..\README.md = ..\README.md
	EndProjectSection
EndProject
Project("{9A19103F-16F7-4668-BE54-9A1E7A4F7556}") = "Ninject.Web.AspNetCore.ComplianceTest", "Ninject.Web.AspNetCore.ComplianceTest\Ninject.Web.AspNetCore.ComplianceTest.csproj", "{238FACAF-E2C4-445A-9C63-C3A0AC59B098}"
EndProject
Global
	GlobalSection(SolutionConfigurationPlatforms) = preSolution
		Debug|Any CPU = Debug|Any CPU
		Release|Any CPU = Release|Any CPU
	EndGlobalSection
	GlobalSection(ProjectConfigurationPlatforms) = postSolution
		{C54EEE23-AAF5-459D-A235-E5507811CBD7}.Debug|Any CPU.ActiveCfg = Debug|Any CPU
		{C54EEE23-AAF5-459D-A235-E5507811CBD7}.Debug|Any CPU.Build.0 = Debug|Any CPU
		{C54EEE23-AAF5-459D-A235-E5507811CBD7}.Release|Any CPU.ActiveCfg = Release|Any CPU
		{C54EEE23-AAF5-459D-A235-E5507811CBD7}.Release|Any CPU.Build.0 = Release|Any CPU
		{2E8666BD-C364-43D7-92E4-623021E63085}.Debug|Any CPU.ActiveCfg = Debug|Any CPU
		{2E8666BD-C364-43D7-92E4-623021E63085}.Debug|Any CPU.Build.0 = Debug|Any CPU
		{2E8666BD-C364-43D7-92E4-623021E63085}.Release|Any CPU.ActiveCfg = Release|Any CPU
		{2E8666BD-C364-43D7-92E4-623021E63085}.Release|Any CPU.Build.0 = Release|Any CPU
		{5D9455D9-FE35-4E0B-B621-3A6D810ECF6A}.Debug|Any CPU.ActiveCfg = Debug|Any CPU
		{5D9455D9-FE35-4E0B-B621-3A6D810ECF6A}.Debug|Any CPU.Build.0 = Debug|Any CPU
		{5D9455D9-FE35-4E0B-B621-3A6D810ECF6A}.Release|Any CPU.ActiveCfg = Release|Any CPU
		{5D9455D9-FE35-4E0B-B621-3A6D810ECF6A}.Release|Any CPU.Build.0 = Release|Any CPU
		{BE382F5B-43A9-4F5E-BCD0-AE885E122657}.Debug|Any CPU.ActiveCfg = Debug|Any CPU
		{BE382F5B-43A9-4F5E-BCD0-AE885E122657}.Debug|Any CPU.Build.0 = Debug|Any CPU
		{BE382F5B-43A9-4F5E-BCD0-AE885E122657}.Release|Any CPU.ActiveCfg = Release|Any CPU
		{7DB7F499-E11E-4B45-BDFD-1883BC8C224D}.Debug|Any CPU.ActiveCfg = Debug|Any CPU
		{7DB7F499-E11E-4B45-BDFD-1883BC8C224D}.Debug|Any CPU.Build.0 = Debug|Any CPU
		{7DB7F499-E11E-4B45-BDFD-1883BC8C224D}.Release|Any CPU.ActiveCfg = Release|Any CPU
		{238FACAF-E2C4-445A-9C63-C3A0AC59B098}.Debug|Any CPU.ActiveCfg = Debug|Any CPU
		{238FACAF-E2C4-445A-9C63-C3A0AC59B098}.Debug|Any CPU.Build.0 = Debug|Any CPU
		{238FACAF-E2C4-445A-9C63-C3A0AC59B098}.Release|Any CPU.ActiveCfg = Release|Any CPU
		{238FACAF-E2C4-445A-9C63-C3A0AC59B098}.Release|Any CPU.Build.0 = Release|Any CPU
	EndGlobalSection
	GlobalSection(SolutionProperties) = preSolution
		HideSolutionNode = FALSE
	EndGlobalSection
	GlobalSection(ExtensibilityGlobals) = postSolution
		SolutionGuid = {941ED31F-9580-4CA2-BB00-089C5871B095}
	EndGlobalSection
EndGlobal
